// !$*UTF8*$!
{
	archiveVersion = 1;
	classes = {
	};
	objectVersion = 50;
	objects = {

/* Begin PBXBuildFile section */
		F34A67AE263E83F700207848 /* AppDelegate.swift in Sources */ = {isa = PBXBuildFile; fileRef = F34A67AD263E83F700207848 /* AppDelegate.swift */; };
		F34A67B0263E83F700207848 /* SceneDelegate.swift in Sources */ = {isa = PBXBuildFile; fileRef = F34A67AF263E83F700207848 /* SceneDelegate.swift */; };
		F34A67B2263E83F700207848 /* ViewController.swift in Sources */ = {isa = PBXBuildFile; fileRef = F34A67B1263E83F700207848 /* ViewController.swift */; };
		F34A67B5263E83F700207848 /* Main.storyboard in Resources */ = {isa = PBXBuildFile; fileRef = F34A67B3263E83F700207848 /* Main.storyboard */; };
		F34A67B7263E83F800207848 /* Assets.xcassets in Resources */ = {isa = PBXBuildFile; fileRef = F34A67B6263E83F800207848 /* Assets.xcassets */; };
		F34A67BA263E83F800207848 /* LaunchScreen.storyboard in Resources */ = {isa = PBXBuildFile; fileRef = F34A67B8263E83F800207848 /* LaunchScreen.storyboard */; };
		F34A67C5263E83F800207848 /* GachaTests.swift in Sources */ = {isa = PBXBuildFile; fileRef = F34A67C4263E83F800207848 /* GachaTests.swift */; };
		F34A67D0263E83F800207848 /* GachaUITests.swift in Sources */ = {isa = PBXBuildFile; fileRef = F34A67CF263E83F800207848 /* GachaUITests.swift */; };
/* End PBXBuildFile section */

/* Begin PBXContainerItemProxy section */
		F34A67C1263E83F800207848 /* PBXContainerItemProxy */ = {
			isa = PBXContainerItemProxy;
			containerPortal = F34A67A2263E83F700207848 /* Project object */;
			proxyType = 1;
			remoteGlobalIDString = F34A67A9263E83F700207848;
			remoteInfo = Gacha;
		};
		F34A67CC263E83F800207848 /* PBXContainerItemProxy */ = {
			isa = PBXContainerItemProxy;
			containerPortal = F34A67A2263E83F700207848 /* Project object */;
			proxyType = 1;
			remoteGlobalIDString = F34A67A9263E83F700207848;
			remoteInfo = Gacha;
		};
/* End PBXContainerItemProxy section */

/* Begin PBXFileReference section */
		F34A67AA263E83F700207848 /* Gacha.app */ = {isa = PBXFileReference; explicitFileType = wrapper.application; includeInIndex = 0; path = Gacha.app; sourceTree = BUILT_PRODUCTS_DIR; };
		F34A67AD263E83F700207848 /* AppDelegate.swift */ = {isa = PBXFileReference; lastKnownFileType = sourcecode.swift; path = AppDelegate.swift; sourceTree = "<group>"; };
		F34A67AF263E83F700207848 /* SceneDelegate.swift */ = {isa = PBXFileReference; lastKnownFileType = sourcecode.swift; path = SceneDelegate.swift; sourceTree = "<group>"; };
		F34A67B1263E83F700207848 /* ViewController.swift */ = {isa = PBXFileReference; lastKnownFileType = sourcecode.swift; path = ViewController.swift; sourceTree = "<group>"; };
		F34A67B4263E83F700207848 /* Base */ = {isa = PBXFileReference; lastKnownFileType = file.storyboard; name = Base; path = Base.lproj/Main.storyboard; sourceTree = "<group>"; };
		F34A67B6263E83F800207848 /* Assets.xcassets */ = {isa = PBXFileReference; lastKnownFileType = folder.assetcatalog; path = Assets.xcassets; sourceTree = "<group>"; };
		F34A67B9263E83F800207848 /* Base */ = {isa = PBXFileReference; lastKnownFileType = file.storyboard; name = Base; path = Base.lproj/LaunchScreen.storyboard; sourceTree = "<group>"; };
		F34A67BB263E83F800207848 /* Info.plist */ = {isa = PBXFileReference; lastKnownFileType = text.plist.xml; path = Info.plist; sourceTree = "<group>"; };
		F34A67C0263E83F800207848 /* GachaTests.xctest */ = {isa = PBXFileReference; explicitFileType = wrapper.cfbundle; includeInIndex = 0; path = GachaTests.xctest; sourceTree = BUILT_PRODUCTS_DIR; };
		F34A67C4263E83F800207848 /* GachaTests.swift */ = {isa = PBXFileReference; lastKnownFileType = sourcecode.swift; path = GachaTests.swift; sourceTree = "<group>"; };
		F34A67C6263E83F800207848 /* Info.plist */ = {isa = PBXFileReference; lastKnownFileType = text.plist.xml; path = Info.plist; sourceTree = "<group>"; };
		F34A67CB263E83F800207848 /* GachaUITests.xctest */ = {isa = PBXFileReference; explicitFileType = wrapper.cfbundle; includeInIndex = 0; path = GachaUITests.xctest; sourceTree = BUILT_PRODUCTS_DIR; };
		F34A67CF263E83F800207848 /* GachaUITests.swift */ = {isa = PBXFileReference; lastKnownFileType = sourcecode.swift; path = GachaUITests.swift; sourceTree = "<group>"; };
		F34A67D1263E83F800207848 /* Info.plist */ = {isa = PBXFileReference; lastKnownFileType = text.plist.xml; path = Info.plist; sourceTree = "<group>"; };
/* End PBXFileReference section */

/* Begin PBXFrameworksBuildPhase section */
		F34A67A7263E83F700207848 /* Frameworks */ = {
			isa = PBXFrameworksBuildPhase;
			buildActionMask = 2147483647;
			files = (
			);
			runOnlyForDeploymentPostprocessing = 0;
		};
		F34A67BD263E83F800207848 /* Frameworks */ = {
			isa = PBXFrameworksBuildPhase;
			buildActionMask = 2147483647;
			files = (
			);
			runOnlyForDeploymentPostprocessing = 0;
		};
		F34A67C8263E83F800207848 /* Frameworks */ = {
			isa = PBXFrameworksBuildPhase;
			buildActionMask = 2147483647;
			files = (
			);
			runOnlyForDeploymentPostprocessing = 0;
		};
/* End PBXFrameworksBuildPhase section */

/* Begin PBXGroup section */
		F34A67A1263E83F700207848 = {
			isa = PBXGroup;
			children = (
				F34A67AC263E83F700207848 /* Gacha */,
				F34A67C3263E83F800207848 /* GachaTests */,
				F34A67CE263E83F800207848 /* GachaUITests */,
				F34A67AB263E83F700207848 /* Products */,
			);
			sourceTree = "<group>";
		};
		F34A67AB263E83F700207848 /* Products */ = {
			isa = PBXGroup;
			children = (
				F34A67AA263E83F700207848 /* Gacha.app */,
				F34A67C0263E83F800207848 /* GachaTests.xctest */,
				F34A67CB263E83F800207848 /* GachaUITests.xctest */,
			);
			name = Products;
			sourceTree = "<group>";
		};
		F34A67AC263E83F700207848 /* Gacha */ = {
			isa = PBXGroup;
			children = (
				F34A67AD263E83F700207848 /* AppDelegate.swift */,
				F34A67AF263E83F700207848 /* SceneDelegate.swift */,
				F34A67B1263E83F700207848 /* ViewController.swift */,
				F34A67B3263E83F700207848 /* Main.storyboard */,
				F34A67B6263E83F800207848 /* Assets.xcassets */,
				F34A67B8263E83F800207848 /* LaunchScreen.storyboard */,
				F34A67BB263E83F800207848 /* Info.plist */,
			);
			path = Gacha;
			sourceTree = "<group>";
		};
		F34A67C3263E83F800207848 /* GachaTests */ = {
			isa = PBXGroup;
			children = (
				F34A67C4263E83F800207848 /* GachaTests.swift */,
				F34A67C6263E83F800207848 /* Info.plist */,
			);
			path = GachaTests;
			sourceTree = "<group>";
		};
		F34A67CE263E83F800207848 /* GachaUITests */ = {
			isa = PBXGroup;
			children = (
				F34A67CF263E83F800207848 /* GachaUITests.swift */,
				F34A67D1263E83F800207848 /* Info.plist */,
			);
			path = GachaUITests;
			sourceTree = "<group>";
		};
/* End PBXGroup section */

/* Begin PBXNativeTarget section */
		F34A67A9263E83F700207848 /* Gacha */ = {
			isa = PBXNativeTarget;
			buildConfigurationList = F34A67D4263E83F800207848 /* Build configuration list for PBXNativeTarget "Gacha" */;
			buildPhases = (
				F34A67A6263E83F700207848 /* Sources */,
				F34A67A7263E83F700207848 /* Frameworks */,
				F34A67A8263E83F700207848 /* Resources */,
			);
			buildRules = (
			);
			dependencies = (
			);
			name = Gacha;
			productName = Gacha;
			productReference = F34A67AA263E83F700207848 /* Gacha.app */;
			productType = "com.apple.product-type.application";
		};
		F34A67BF263E83F800207848 /* GachaTests */ = {
			isa = PBXNativeTarget;
			buildConfigurationList = F34A67D7263E83F800207848 /* Build configuration list for PBXNativeTarget "GachaTests" */;
			buildPhases = (
				F34A67BC263E83F800207848 /* Sources */,
				F34A67BD263E83F800207848 /* Frameworks */,
				F34A67BE263E83F800207848 /* Resources */,
			);
			buildRules = (
			);
			dependencies = (
				F34A67C2263E83F800207848 /* PBXTargetDependency */,
			);
			name = GachaTests;
			productName = GachaTests;
			productReference = F34A67C0263E83F800207848 /* GachaTests.xctest */;
			productType = "com.apple.product-type.bundle.unit-test";
		};
		F34A67CA263E83F800207848 /* GachaUITests */ = {
			isa = PBXNativeTarget;
			buildConfigurationList = F34A67DA263E83F800207848 /* Build configuration list for PBXNativeTarget "GachaUITests" */;
			buildPhases = (
				F34A67C7263E83F800207848 /* Sources */,
				F34A67C8263E83F800207848 /* Frameworks */,
				F34A67C9263E83F800207848 /* Resources */,
			);
			buildRules = (
			);
			dependencies = (
				F34A67CD263E83F800207848 /* PBXTargetDependency */,
			);
			name = GachaUITests;
			productName = GachaUITests;
			productReference = F34A67CB263E83F800207848 /* GachaUITests.xctest */;
			productType = "com.apple.product-type.bundle.ui-testing";
		};
/* End PBXNativeTarget section */

/* Begin PBXProject section */
		F34A67A2263E83F700207848 /* Project object */ = {
			isa = PBXProject;
			attributes = {
				LastSwiftUpdateCheck = 1250;
				LastUpgradeCheck = 1250;
				TargetAttributes = {
					F34A67A9263E83F700207848 = {
						CreatedOnToolsVersion = 12.5;
					};
					F34A67BF263E83F800207848 = {
						CreatedOnToolsVersion = 12.5;
						TestTargetID = F34A67A9263E83F700207848;
					};
					F34A67CA263E83F800207848 = {
						CreatedOnToolsVersion = 12.5;
						TestTargetID = F34A67A9263E83F700207848;
					};
				};
			};
			buildConfigurationList = F34A67A5263E83F700207848 /* Build configuration list for PBXProject "Gacha" */;
			compatibilityVersion = "Xcode 9.3";
			developmentRegion = en;
			hasScannedForEncodings = 0;
			knownRegions = (
				en,
				Base,
			);
			mainGroup = F34A67A1263E83F700207848;
			productRefGroup = F34A67AB263E83F700207848 /* Products */;
			projectDirPath = "";
			projectRoot = "";
			targets = (
				F34A67A9263E83F700207848 /* Gacha */,
				F34A67BF263E83F800207848 /* GachaTests */,
				F34A67CA263E83F800207848 /* GachaUITests */,
			);
		};
/* End PBXProject section */

/* Begin PBXResourcesBuildPhase section */
		F34A67A8263E83F700207848 /* Resources */ = {
			isa = PBXResourcesBuildPhase;
			buildActionMask = 2147483647;
			files = (
				F34A67BA263E83F800207848 /* LaunchScreen.storyboard in Resources */,
				F34A67B7263E83F800207848 /* Assets.xcassets in Resources */,
				F34A67B5263E83F700207848 /* Main.storyboard in Resources */,
			);
			runOnlyForDeploymentPostprocessing = 0;
		};
		F34A67BE263E83F800207848 /* Resources */ = {
			isa = PBXResourcesBuildPhase;
			buildActionMask = 2147483647;
			files = (
			);
			runOnlyForDeploymentPostprocessing = 0;
		};
		F34A67C9263E83F800207848 /* Resources */ = {
			isa = PBXResourcesBuildPhase;
			buildActionMask = 2147483647;
			files = (
			);
			runOnlyForDeploymentPostprocessing = 0;
		};
/* End PBXResourcesBuildPhase section */

/* Begin PBXSourcesBuildPhase section */
		F34A67A6263E83F700207848 /* Sources */ = {
			isa = PBXSourcesBuildPhase;
			buildActionMask = 2147483647;
			files = (
				F34A67B2263E83F700207848 /* ViewController.swift in Sources */,
				F34A67AE263E83F700207848 /* AppDelegate.swift in Sources */,
				F34A67B0263E83F700207848 /* SceneDelegate.swift in Sources */,
			);
			runOnlyForDeploymentPostprocessing = 0;
		};
		F34A67BC263E83F800207848 /* Sources */ = {
			isa = PBXSourcesBuildPhase;
			buildActionMask = 2147483647;
			files = (
				F34A67C5263E83F800207848 /* GachaTests.swift in Sources */,
			);
			runOnlyForDeploymentPostprocessing = 0;
		};
		F34A67C7263E83F800207848 /* Sources */ = {
			isa = PBXSourcesBuildPhase;
			buildActionMask = 2147483647;
			files = (
				F34A67D0263E83F800207848 /* GachaUITests.swift in Sources */,
			);
			runOnlyForDeploymentPostprocessing = 0;
		};
/* End PBXSourcesBuildPhase section */

/* Begin PBXTargetDependency section */
		F34A67C2263E83F800207848 /* PBXTargetDependency */ = {
			isa = PBXTargetDependency;
			target = F34A67A9263E83F700207848 /* Gacha */;
			targetProxy = F34A67C1263E83F800207848 /* PBXContainerItemProxy */;
		};
		F34A67CD263E83F800207848 /* PBXTargetDependency */ = {
			isa = PBXTargetDependency;
			target = F34A67A9263E83F700207848 /* Gacha */;
			targetProxy = F34A67CC263E83F800207848 /* PBXContainerItemProxy */;
		};
/* End PBXTargetDependency section */

/* Begin PBXVariantGroup section */
		F34A67B3263E83F700207848 /* Main.storyboard */ = {
			isa = PBXVariantGroup;
			children = (
				F34A67B4263E83F700207848 /* Base */,
			);
			name = Main.storyboard;
			sourceTree = "<group>";
		};
		F34A67B8263E83F800207848 /* LaunchScreen.storyboard */ = {
			isa = PBXVariantGroup;
			children = (
				F34A67B9263E83F800207848 /* Base */,
			);
			name = LaunchScreen.storyboard;
			sourceTree = "<group>";
		};
/* End PBXVariantGroup section */

/* Begin XCBuildConfiguration section */
		F34A67D2263E83F800207848 /* Debug */ = {
			isa = XCBuildConfiguration;
			buildSettings = {
				ALWAYS_SEARCH_USER_PATHS = NO;
				CLANG_ANALYZER_NONNULL = YES;
				CLANG_ANALYZER_NUMBER_OBJECT_CONVERSION = YES_AGGRESSIVE;
				CLANG_CXX_LANGUAGE_STANDARD = "gnu++14";
				CLANG_CXX_LIBRARY = "libc++";
				CLANG_ENABLE_MODULES = YES;
				CLANG_ENABLE_OBJC_ARC = YES;
				CLANG_ENABLE_OBJC_WEAK = YES;
				CLANG_WARN_BLOCK_CAPTURE_AUTORELEASING = YES;
				CLANG_WARN_BOOL_CONVERSION = YES;
				CLANG_WARN_COMMA = YES;
				CLANG_WARN_CONSTANT_CONVERSION = YES;
				CLANG_WARN_DEPRECATED_OBJC_IMPLEMENTATIONS = YES;
				CLANG_WARN_DIRECT_OBJC_ISA_USAGE = YES_ERROR;
				CLANG_WARN_DOCUMENTATION_COMMENTS = YES;
				CLANG_WARN_EMPTY_BODY = YES;
				CLANG_WARN_ENUM_CONVERSION = YES;
				CLANG_WARN_INFINITE_RECURSION = YES;
				CLANG_WARN_INT_CONVERSION = YES;
				CLANG_WARN_NON_LITERAL_NULL_CONVERSION = YES;
				CLANG_WARN_OBJC_IMPLICIT_RETAIN_SELF = YES;
				CLANG_WARN_OBJC_LITERAL_CONVERSION = YES;
				CLANG_WARN_OBJC_ROOT_CLASS = YES_ERROR;
				CLANG_WARN_QUOTED_INCLUDE_IN_FRAMEWORK_HEADER = YES;
				CLANG_WARN_RANGE_LOOP_ANALYSIS = YES;
				CLANG_WARN_STRICT_PROTOTYPES = YES;
				CLANG_WARN_SUSPICIOUS_MOVE = YES;
				CLANG_WARN_UNGUARDED_AVAILABILITY = YES_AGGRESSIVE;
				CLANG_WARN_UNREACHABLE_CODE = YES;
				CLANG_WARN__DUPLICATE_METHOD_MATCH = YES;
				COPY_PHASE_STRIP = NO;
				DEBUG_INFORMATION_FORMAT = dwarf;
				ENABLE_STRICT_OBJC_MSGSEND = YES;
				ENABLE_TESTABILITY = YES;
				GCC_C_LANGUAGE_STANDARD = gnu11;
				GCC_DYNAMIC_NO_PIC = NO;
				GCC_NO_COMMON_BLOCKS = YES;
				GCC_OPTIMIZATION_LEVEL = 0;
				GCC_PREPROCESSOR_DEFINITIONS = (
					"DEBUG=1",
					"$(inherited)",
				);
				GCC_WARN_64_TO_32_BIT_CONVERSION = YES;
				GCC_WARN_ABOUT_RETURN_TYPE = YES_ERROR;
				GCC_WARN_UNDECLARED_SELECTOR = YES;
				GCC_WARN_UNINITIALIZED_AUTOS = YES_AGGRESSIVE;
				GCC_WARN_UNUSED_FUNCTION = YES;
				GCC_WARN_UNUSED_VARIABLE = YES;
				IPHONEOS_DEPLOYMENT_TARGET = 14.5;
				MTL_ENABLE_DEBUG_INFO = INCLUDE_SOURCE;
				MTL_FAST_MATH = YES;
				ONLY_ACTIVE_ARCH = YES;
				SDKROOT = iphoneos;
				SWIFT_ACTIVE_COMPILATION_CONDITIONS = DEBUG;
				SWIFT_OPTIMIZATION_LEVEL = "-Onone";
			};
			name = Debug;
		};
		F34A67D3263E83F800207848 /* Release */ = {
			isa = XCBuildConfiguration;
			buildSettings = {
				ALWAYS_SEARCH_USER_PATHS = NO;
				CLANG_ANALYZER_NONNULL = YES;
				CLANG_ANALYZER_NUMBER_OBJECT_CONVERSION = YES_AGGRESSIVE;
				CLANG_CXX_LANGUAGE_STANDARD = "gnu++14";
				CLANG_CXX_LIBRARY = "libc++";
				CLANG_ENABLE_MODULES = YES;
				CLANG_ENABLE_OBJC_ARC = YES;
				CLANG_ENABLE_OBJC_WEAK = YES;
				CLANG_WARN_BLOCK_CAPTURE_AUTORELEASING = YES;
				CLANG_WARN_BOOL_CONVERSION = YES;
				CLANG_WARN_COMMA = YES;
				CLANG_WARN_CONSTANT_CONVERSION = YES;
				CLANG_WARN_DEPRECATED_OBJC_IMPLEMENTATIONS = YES;
				CLANG_WARN_DIRECT_OBJC_ISA_USAGE = YES_ERROR;
				CLANG_WARN_DOCUMENTATION_COMMENTS = YES;
				CLANG_WARN_EMPTY_BODY = YES;
				CLANG_WARN_ENUM_CONVERSION = YES;
				CLANG_WARN_INFINITE_RECURSION = YES;
				CLANG_WARN_INT_CONVERSION = YES;
				CLANG_WARN_NON_LITERAL_NULL_CONVERSION = YES;
				CLANG_WARN_OBJC_IMPLICIT_RETAIN_SELF = YES;
				CLANG_WARN_OBJC_LITERAL_CONVERSION = YES;
				CLANG_WARN_OBJC_ROOT_CLASS = YES_ERROR;
				CLANG_WARN_QUOTED_INCLUDE_IN_FRAMEWORK_HEADER = YES;
				CLANG_WARN_RANGE_LOOP_ANALYSIS = YES;
				CLANG_WARN_STRICT_PROTOTYPES = YES;
				CLANG_WARN_SUSPICIOUS_MOVE = YES;
				CLANG_WARN_UNGUARDED_AVAILABILITY = YES_AGGRESSIVE;
				CLANG_WARN_UNREACHABLE_CODE = YES;
				CLANG_WARN__DUPLICATE_METHOD_MATCH = YES;
				COPY_PHASE_STRIP = NO;
				DEBUG_INFORMATION_FORMAT = "dwarf-with-dsym";
				ENABLE_NS_ASSERTIONS = NO;
				ENABLE_STRICT_OBJC_MSGSEND = YES;
				GCC_C_LANGUAGE_STANDARD = gnu11;
				GCC_NO_COMMON_BLOCKS = YES;
				GCC_WARN_64_TO_32_BIT_CONVERSION = YES;
				GCC_WARN_ABOUT_RETURN_TYPE = YES_ERROR;
				GCC_WARN_UNDECLARED_SELECTOR = YES;
				GCC_WARN_UNINITIALIZED_AUTOS = YES_AGGRESSIVE;
				GCC_WARN_UNUSED_FUNCTION = YES;
				GCC_WARN_UNUSED_VARIABLE = YES;
				IPHONEOS_DEPLOYMENT_TARGET = 14.5;
				MTL_ENABLE_DEBUG_INFO = NO;
				MTL_FAST_MATH = YES;
				SDKROOT = iphoneos;
				SWIFT_COMPILATION_MODE = wholemodule;
				SWIFT_OPTIMIZATION_LEVEL = "-O";
				VALIDATE_PRODUCT = YES;
			};
			name = Release;
		};
		F34A67D5263E83F800207848 /* Debug */ = {
			isa = XCBuildConfiguration;
			buildSettings = {
				ASSETCATALOG_COMPILER_APPICON_NAME = AppIcon;
				ASSETCATALOG_COMPILER_GLOBAL_ACCENT_COLOR_NAME = AccentColor;
				CODE_SIGN_STYLE = Automatic;
				INFOPLIST_FILE = Gacha/Info.plist;
				LD_RUNPATH_SEARCH_PATHS = (
					"$(inherited)",
					"@executable_path/Frameworks",
				);
				PRODUCT_BUNDLE_IDENTIFIER = app.nagai.passo.Gacha;
				PRODUCT_NAME = "$(TARGET_NAME)";
				SWIFT_VERSION = 5.0;
				TARGETED_DEVICE_FAMILY = "1,2";
			};
			name = Debug;
		};
		F34A67D6263E83F800207848 /* Release */ = {
			isa = XCBuildConfiguration;
			buildSettings = {
				ASSETCATALOG_COMPILER_APPICON_NAME = AppIcon;
				ASSETCATALOG_COMPILER_GLOBAL_ACCENT_COLOR_NAME = AccentColor;
				CODE_SIGN_STYLE = Automatic;
				INFOPLIST_FILE = Gacha/Info.plist;
				LD_RUNPATH_SEARCH_PATHS = (
					"$(inherited)",
					"@executable_path/Frameworks",
				);
				PRODUCT_BUNDLE_IDENTIFIER = app.nagai.passo.Gacha;
				PRODUCT_NAME = "$(TARGET_NAME)";
				SWIFT_VERSION = 5.0;
				TARGETED_DEVICE_FAMILY = "1,2";
			};
			name = Release;
		};
		F34A67D8263E83F800207848 /* Debug */ = {
			isa = XCBuildConfiguration;
			buildSettings = {
				ALWAYS_EMBED_SWIFT_STANDARD_LIBRARIES = YES;
				BUNDLE_LOADER = "$(TEST_HOST)";
				CODE_SIGN_STYLE = Automatic;
				INFOPLIST_FILE = GachaTests/Info.plist;
				IPHONEOS_DEPLOYMENT_TARGET = 14.5;
				LD_RUNPATH_SEARCH_PATHS = (
					"$(inherited)",
					"@executable_path/Frameworks",
					"@loader_path/Frameworks",
				);
				PRODUCT_BUNDLE_IDENTIFIER = app.nagai.passo.GachaTests;
				PRODUCT_NAME = "$(TARGET_NAME)";
				SWIFT_VERSION = 5.0;
				TARGETED_DEVICE_FAMILY = "1,2";
				TEST_HOST = "$(BUILT_PRODUCTS_DIR)/Gacha.app/Gacha";
			};
			name = Debug;
		};
		F34A67D9263E83F800207848 /* Release */ = {
			isa = XCBuildConfiguration;
			buildSettings = {
				ALWAYS_EMBED_SWIFT_STANDARD_LIBRARIES = YES;
				BUNDLE_LOADER = "$(TEST_HOST)";
				CODE_SIGN_STYLE = Automatic;
				INFOPLIST_FILE = GachaTests/Info.plist;
				IPHONEOS_DEPLOYMENT_TARGET = 14.5;
				LD_RUNPATH_SEARCH_PATHS = (
					"$(inherited)",
					"@executable_path/Frameworks",
					"@loader_path/Frameworks",
				);
				PRODUCT_BUNDLE_IDENTIFIER = app.nagai.passo.GachaTests;
				PRODUCT_NAME = "$(TARGET_NAME)";
				SWIFT_VERSION = 5.0;
				TARGETED_DEVICE_FAMILY = "1,2";
				TEST_HOST = "$(BUILT_PRODUCTS_DIR)/Gacha.app/Gacha";
			};
			name = Release;
		};
		F34A67DB263E83F800207848 /* Debug */ = {
			isa = XCBuildConfiguration;
			buildSettings = {
				ALWAYS_EMBED_SWIFT_STANDARD_LIBRARIES = YES;
				CODE_SIGN_STYLE = Automatic;
				INFOPLIST_FILE = GachaUITests/Info.plist;
				LD_RUNPATH_SEARCH_PATHS = (
					"$(inherited)",
					"@executable_path/Frameworks",
					"@loader_path/Frameworks",
				);
				PRODUCT_BUNDLE_IDENTIFIER = app.nagai.passo.GachaUITests;
				PRODUCT_NAME = "$(TARGET_NAME)";
				SWIFT_VERSION = 5.0;
				TARGETED_DEVICE_FAMILY = "1,2";
				TEST_TARGET_NAME = Gacha;
			};
			name = Debug;
		};
		F34A67DC263E83F800207848 /* Release */ = {
			isa = XCBuildConfiguration;
			buildSettings = {
				ALWAYS_EMBED_SWIFT_STANDARD_LIBRARIES = YES;
				CODE_SIGN_STYLE = Automatic;
				INFOPLIST_FILE = GachaUITests/Info.plist;
				LD_RUNPATH_SEARCH_PATHS = (
					"$(inherited)",
					"@executable_path/Frameworks",
					"@loader_path/Frameworks",
				);
				PRODUCT_BUNDLE_IDENTIFIER = app.nagai.passo.GachaUITests;
				PRODUCT_NAME = "$(TARGET_NAME)";
				SWIFT_VERSION = 5.0;
				TARGETED_DEVICE_FAMILY = "1,2";
				TEST_TARGET_NAME = Gacha;
			};
			name = Release;
		};
/* End XCBuildConfiguration section */

/* Begin XCConfigurationList section */
		F34A67A5263E83F700207848 /* Build configuration list for PBXProject "Gacha" */ = {
			isa = XCConfigurationList;
			buildConfigurations = (
				F34A67D2263E83F800207848 /* Debug */,
				F34A67D3263E83F800207848 /* Release */,
			);
			defaultConfigurationIsVisible = 0;
			defaultConfigurationName = Release;
		};
		F34A67D4263E83F800207848 /* Build configuration list for PBXNativeTarget "Gacha" */ = {
			isa = XCConfigurationList;
			buildConfigurations = (
				F34A67D5263E83F800207848 /* Debug */,
				F34A67D6263E83F800207848 /* Release */,
			);
			defaultConfigurationIsVisible = 0;
			defaultConfigurationName = Release;
		};
		F34A67D7263E83F800207848 /* Build configuration list for PBXNativeTarget "GachaTests" */ = {
			isa = XCConfigurationList;
			buildConfigurations = (
				F34A67D8263E83F800207848 /* Debug */,
				F34A67D9263E83F800207848 /* Release */,
			);
			defaultConfigurationIsVisible = 0;
			defaultConfigurationName = Release;
		};
		F34A67DA263E83F800207848 /* Build configuration list for PBXNativeTarget "GachaUITests" */ = {
			isa = XCConfigurationList;
			buildConfigurations = (
				F34A67DB263E83F800207848 /* Debug */,
				F34A67DC263E83F800207848 /* Release */,
			);
			defaultConfigurationIsVisible = 0;
			defaultConfigurationName = Release;
		};
/* End XCConfigurationList section */
	};
	rootObject = F34A67A2263E83F700207848 /* Project object */;
}
